
Microsoft Visual Studio Solution File, Format Version 12.00
# Visual Studio Version 16
VisualStudioVersion = 16.0.30330.147
MinimumVisualStudioVersion = 10.0.40219.1
Project("{FAE04EC0-301F-11D3-BF4B-00C04F79EFBC}") = "Todo_List", "Todo_List.csproj", "{61982110-209D-42E4-8CA1-6F8E9F7C142F}"
EndProject
Global
	GlobalSection(SolutionConfigurationPlatforms) = preSolution
		Debug|Any CPU = Debug|Any CPU
		Release|Any CPU = Release|Any CPU
	EndGlobalSection
	GlobalSection(ProjectConfigurationPlatforms) = postSolution
		{61982110-209D-42E4-8CA1-6F8E9F7C142F}.Debug|Any CPU.ActiveCfg = Debug|Any CPU
		{61982110-209D-42E4-8CA1-6F8E9F7C142F}.Debug|Any CPU.Build.0 = Debug|Any CPU
		{61982110-209D-42E4-8CA1-6F8E9F7C142F}.Release|Any CPU.ActiveCfg = Release|Any CPU
		{61982110-209D-42E4-8CA1-6F8E9F7C142F}.Release|Any CPU.Build.0 = Release|Any CPU
	EndGlobalSection
	GlobalSection(SolutionProperties) = preSolution
		HideSolutionNode = FALSE
	EndGlobalSection
	GlobalSection(ExtensibilityGlobals) = postSolution
		SolutionGuid = {4296C39A-4A92-45F4-A3EE-E437FEDC7EC3}
	EndGlobalSection
EndGlobal
